
Microsoft Visual Studio Solution File, Format Version 12.00
# Visual Studio Version 17
VisualStudioVersion = 17.4.33213.308
MinimumVisualStudioVersion = 10.0.40219.1
Project("{FAE04EC0-301F-11D3-BF4B-00C04F79EFBC}") = "modul3_1302213108", "modul3_1302213108\modul3_1302213108.csproj", "{BE47D0CE-3451-4707-8F82-F9003BBF600E}"
EndProject
Global
	GlobalSection(SolutionConfigurationPlatforms) = preSolution
		Debug|Any CPU = Debug|Any CPU
		Release|Any CPU = Release|Any CPU
	EndGlobalSection
	GlobalSection(ProjectConfigurationPlatforms) = postSolution
		{BE47D0CE-3451-4707-8F82-F9003BBF600E}.Debug|Any CPU.ActiveCfg = Debug|Any CPU
		{BE47D0CE-3451-4707-8F82-F9003BBF600E}.Debug|Any CPU.Build.0 = Debug|Any CPU
		{BE47D0CE-3451-4707-8F82-F9003BBF600E}.Release|Any CPU.ActiveCfg = Release|Any CPU
		{BE47D0CE-3451-4707-8F82-F9003BBF600E}.Release|Any CPU.Build.0 = Release|Any CPU
	EndGlobalSection
	GlobalSection(SolutionProperties) = preSolution
		HideSolutionNode = FALSE
	EndGlobalSection
	GlobalSection(ExtensibilityGlobals) = postSolution
		SolutionGuid = {648382CF-E2BA-41A9-924C-CF2B08F4F04B}
	EndGlobalSection
EndGlobal
